
Microsoft Visual Studio Solution File, Format Version 12.00
# Visual Studio Version 17
VisualStudioVersion = 17.10.35013.160
MinimumVisualStudioVersion = 10.0.40219.1
Project("{FAE04EC0-301F-11D3-BF4B-00C04F79EFBC}") = "EdukitConnector", "EdukitConnector\EdukitConnector.csproj", "{89D79434-8E8D-44AE-84F7-DD5A23002DFD}"
EndProject
Global
	GlobalSection(SolutionConfigurationPlatforms) = preSolution
		Debug|Any CPU = Debug|Any CPU
		Release|Any CPU = Release|Any CPU
	EndGlobalSection
	GlobalSection(ProjectConfigurationPlatforms) = postSolution
		{89D79434-8E8D-44AE-84F7-DD5A23002DFD}.Debug|Any CPU.ActiveCfg = Debug|Any CPU
		{89D79434-8E8D-44AE-84F7-DD5A23002DFD}.Debug|Any CPU.Build.0 = Debug|Any CPU
		{89D79434-8E8D-44AE-84F7-DD5A23002DFD}.Release|Any CPU.ActiveCfg = Release|Any CPU
		{89D79434-8E8D-44AE-84F7-DD5A23002DFD}.Release|Any CPU.Build.0 = Release|Any CPU
	EndGlobalSection
	GlobalSection(SolutionProperties) = preSolution
		HideSolutionNode = FALSE
	EndGlobalSection
	GlobalSection(ExtensibilityGlobals) = postSolution
		SolutionGuid = {9EDFFC9B-D78F-4A92-8C06-AF5DBB57EA4C}
	EndGlobalSection
EndGlobal
